
Microsoft Visual Studio Solution File, Format Version 12.00
# Visual Studio Version 16
VisualStudioVersion = 16.0.31424.327
MinimumVisualStudioVersion = 10.0.40219.1
Project("{FAE04EC0-301F-11D3-BF4B-00C04F79EFBC}") = "TipCalculatorr", "TipCalculatorr.csproj", "{1E556E9E-CFDF-4B9F-9396-38A9B8A1755A}"
EndProject
Global
	GlobalSection(SolutionConfigurationPlatforms) = preSolution
		Debug|Any CPU = Debug|Any CPU
		Release|Any CPU = Release|Any CPU
	EndGlobalSection
	GlobalSection(ProjectConfigurationPlatforms) = postSolution
		{1E556E9E-CFDF-4B9F-9396-38A9B8A1755A}.Debug|Any CPU.ActiveCfg = Debug|Any CPU
		{1E556E9E-CFDF-4B9F-9396-38A9B8A1755A}.Debug|Any CPU.Build.0 = Debug|Any CPU
		{1E556E9E-CFDF-4B9F-9396-38A9B8A1755A}.Release|Any CPU.ActiveCfg = Release|Any CPU
		{1E556E9E-CFDF-4B9F-9396-38A9B8A1755A}.Release|Any CPU.Build.0 = Release|Any CPU
	EndGlobalSection
	GlobalSection(SolutionProperties) = preSolution
		HideSolutionNode = FALSE
	EndGlobalSection
	GlobalSection(ExtensibilityGlobals) = postSolution
		SolutionGuid = {FF6E8639-1A3D-4670-B204-0A1E4DEC07C5}
	EndGlobalSection
EndGlobal
